// !$*UTF8*$!
{
	archiveVersion = 1;
	classes = {
	};
	objectVersion = 46;
	objects = {

/* Begin PBXBuildFile section */
		358D71C41724752700979F57 /* UIKit.framework in Frameworks */ = {isa = PBXBuildFile; fileRef = 358D71C31724752700979F57 /* UIKit.framework */; };
		358D71C61724752700979F57 /* Foundation.framework in Frameworks */ = {isa = PBXBuildFile; fileRef = 358D71C51724752700979F57 /* Foundation.framework */; };
		358D71C81724752700979F57 /* CoreGraphics.framework in Frameworks */ = {isa = PBXBuildFile; fileRef = 358D71C71724752700979F57 /* CoreGraphics.framework */; };
		358D71CE1724752700979F57 /* InfoPlist.strings in Resources */ = {isa = PBXBuildFile; fileRef = 358D71CC1724752700979F57 /* InfoPlist.strings */; };
		358D71D01724752700979F57 /* main.m in Sources */ = {isa = PBXBuildFile; fileRef = 358D71CF1724752700979F57 /* main.m */; };
		358D71D41724752700979F57 /* AppDelegate.m in Sources */ = {isa = PBXBuildFile; fileRef = 358D71D31724752700979F57 /* AppDelegate.m */; };
		358D71D61724752700979F57 /* Default.png in Resources */ = {isa = PBXBuildFile; fileRef = 358D71D51724752700979F57 /* Default.png */; };
		358D71D81724752700979F57 /* Default@2x.png in Resources */ = {isa = PBXBuildFile; fileRef = 358D71D71724752700979F57 /* Default@2x.png */; };
		358D71DA1724752700979F57 /* Default-568h@2x.png in Resources */ = {isa = PBXBuildFile; fileRef = 358D71D91724752700979F57 /* Default-568h@2x.png */; };
		358D71E917248B3000979F57 /* LoginViewController.m in Sources */ = {isa = PBXBuildFile; fileRef = 358D71E717248B3000979F57 /* LoginViewController.m */; };
		35A943DC173193E0009052DC /* ZeroBinPostViewController.m in Sources */ = {isa = PBXBuildFile; fileRef = 35A943DA173193E0009052DC /* ZeroBinPostViewController.m */; };
		35A943EC17319F7C009052DC /* privly.css in Resources */ = {isa = PBXBuildFile; fileRef = 35A943DF17319F7C009052DC /* privly.css */; };
		35A943ED17319F7C009052DC /* zerobin.css in Resources */ = {isa = PBXBuildFile; fileRef = 35A943E017319F7C009052DC /* zerobin.css */; };
		35A943EE17319F7C009052DC /* index.html in Resources */ = {isa = PBXBuildFile; fileRef = 35A943E117319F7C009052DC /* index.html */; };
		35A943EF17319F7C009052DC /* base64.js in Resources */ = {isa = PBXBuildFile; fileRef = 35A943E317319F7C009052DC /* base64.js */; };
		35A943F017319F7C009052DC /* jquery.js in Resources */ = {isa = PBXBuildFile; fileRef = 35A943E417319F7C009052DC /* jquery.js */; };
		35A943F117319F7C009052DC /* privly_tooltip.js in Resources */ = {isa = PBXBuildFile; fileRef = 35A943E517319F7C009052DC /* privly_tooltip.js */; };
		35A943F217319F7C009052DC /* privlyservice.js in Resources */ = {isa = PBXBuildFile; fileRef = 35A943E617319F7C009052DC /* privlyservice.js */; };
		35A943F317319F7C009052DC /* privlyshare.js in Resources */ = {isa = PBXBuildFile; fileRef = 35A943E717319F7C009052DC /* privlyshare.js */; };
		35A943F417319F7C009052DC /* rawdeflate.js in Resources */ = {isa = PBXBuildFile; fileRef = 35A943E817319F7C009052DC /* rawdeflate.js */; };
		35A943F517319F7C009052DC /* rawinflate.js in Resources */ = {isa = PBXBuildFile; fileRef = 35A943E917319F7C009052DC /* rawinflate.js */; };
		35A943F617319F7C009052DC /* sjcl.js in Resources */ = {isa = PBXBuildFile; fileRef = 35A943EA17319F7C009052DC /* sjcl.js */; };
		35A943F717319F7C009052DC /* zerobin.js in Resources */ = {isa = PBXBuildFile; fileRef = 35A943EB17319F7C009052DC /* zerobin.js */; };
		35A943FC1731A2F0009052DC /* ApplicationTypeViewController.m in Sources */ = {isa = PBXBuildFile; fileRef = 35A943FA1731A2F0009052DC /* ApplicationTypeViewController.m */; };
		35A943FD1731A2F0009052DC /* ApplicationTypeViewController.xib in Resources */ = {isa = PBXBuildFile; fileRef = 35A943FB1731A2F0009052DC /* ApplicationTypeViewController.xib */; };
		35A943FF1731A3CA009052DC /* ZeroBinPostViewController.xib in Resources */ = {isa = PBXBuildFile; fileRef = 35A943FE1731A3CA009052DC /* ZeroBinPostViewController.xib */; };
		35A944011731A497009052DC /* LoginViewController.xib in Resources */ = {isa = PBXBuildFile; fileRef = 35A944001731A497009052DC /* LoginViewController.xib */; };
		9912C02F174AD62700E13A01 /* PlainPostViewController.m in Sources */ = {isa = PBXBuildFile; fileRef = 9912C02D174AD62700E13A01 /* PlainPostViewController.m */; };
		9912C030174AD62700E13A01 /* PlainPostViewController.xib in Resources */ = {isa = PBXBuildFile; fileRef = 9912C02E174AD62700E13A01 /* PlainPostViewController.xib */; };
		996E263317568F28003B51A5 /* PlainPostDestinationViewController.m in Sources */ = {isa = PBXBuildFile; fileRef = 996E263217568F28003B51A5 /* PlainPostDestinationViewController.m */; };
		99EC26A71757BCB000EC234F /* SocialNetworksRequest.m in Sources */ = {isa = PBXBuildFile; fileRef = 99EC26A61757BCB000EC234F /* SocialNetworksRequest.m */; };
		99EC26A91758080400EC234F /* Accounts.framework in Frameworks */ = {isa = PBXBuildFile; fileRef = 99EC26A81758080400EC234F /* Accounts.framework */; };
		99EC26AB1758080800EC234F /* Social.framework in Frameworks */ = {isa = PBXBuildFile; fileRef = 99EC26AA1758080800EC234F /* Social.framework */; };
/* End PBXBuildFile section */

/* Begin PBXFileReference section */
		358D71C01724752700979F57 /* privly-ios.app */ = {isa = PBXFileReference; explicitFileType = wrapper.application; includeInIndex = 0; path = "privly-ios.app"; sourceTree = BUILT_PRODUCTS_DIR; };
		358D71C31724752700979F57 /* UIKit.framework */ = {isa = PBXFileReference; lastKnownFileType = wrapper.framework; name = UIKit.framework; path = System/Library/Frameworks/UIKit.framework; sourceTree = SDKROOT; };
		358D71C51724752700979F57 /* Foundation.framework */ = {isa = PBXFileReference; lastKnownFileType = wrapper.framework; name = Foundation.framework; path = System/Library/Frameworks/Foundation.framework; sourceTree = SDKROOT; };
		358D71C71724752700979F57 /* CoreGraphics.framework */ = {isa = PBXFileReference; lastKnownFileType = wrapper.framework; name = CoreGraphics.framework; path = System/Library/Frameworks/CoreGraphics.framework; sourceTree = SDKROOT; };
		358D71CB1724752700979F57 /* privly-ios-Info.plist */ = {isa = PBXFileReference; lastKnownFileType = text.plist.xml; path = "privly-ios-Info.plist"; sourceTree = "<group>"; };
		358D71CD1724752700979F57 /* en */ = {isa = PBXFileReference; lastKnownFileType = text.plist.strings; name = en; path = en.lproj/InfoPlist.strings; sourceTree = "<group>"; };
		358D71CF1724752700979F57 /* main.m */ = {isa = PBXFileReference; lastKnownFileType = sourcecode.c.objc; path = main.m; sourceTree = "<group>"; };
		358D71D11724752700979F57 /* privly-ios-Prefix.pch */ = {isa = PBXFileReference; lastKnownFileType = sourcecode.c.h; path = "privly-ios-Prefix.pch"; sourceTree = "<group>"; };
		358D71D21724752700979F57 /* AppDelegate.h */ = {isa = PBXFileReference; lastKnownFileType = sourcecode.c.h; path = AppDelegate.h; sourceTree = "<group>"; };
		358D71D31724752700979F57 /* AppDelegate.m */ = {isa = PBXFileReference; lastKnownFileType = sourcecode.c.objc; path = AppDelegate.m; sourceTree = "<group>"; };
		358D71D51724752700979F57 /* Default.png */ = {isa = PBXFileReference; lastKnownFileType = image.png; path = Default.png; sourceTree = "<group>"; };
		358D71D71724752700979F57 /* Default@2x.png */ = {isa = PBXFileReference; lastKnownFileType = image.png; path = "Default@2x.png"; sourceTree = "<group>"; };
		358D71D91724752700979F57 /* Default-568h@2x.png */ = {isa = PBXFileReference; lastKnownFileType = image.png; path = "Default-568h@2x.png"; sourceTree = "<group>"; };
		358D71E617248B3000979F57 /* LoginViewController.h */ = {isa = PBXFileReference; fileEncoding = 4; lastKnownFileType = sourcecode.c.h; path = LoginViewController.h; sourceTree = "<group>"; };
		358D71E717248B3000979F57 /* LoginViewController.m */ = {isa = PBXFileReference; fileEncoding = 4; lastKnownFileType = sourcecode.c.objc; path = LoginViewController.m; sourceTree = "<group>"; };
		35A943D9173193E0009052DC /* ZeroBinPostViewController.h */ = {isa = PBXFileReference; fileEncoding = 4; lastKnownFileType = sourcecode.c.h; path = ZeroBinPostViewController.h; sourceTree = "<group>"; };
		35A943DA173193E0009052DC /* ZeroBinPostViewController.m */ = {isa = PBXFileReference; fileEncoding = 4; lastKnownFileType = sourcecode.c.objc; path = ZeroBinPostViewController.m; sourceTree = "<group>"; };
		35A943DF17319F7C009052DC /* privly.css */ = {isa = PBXFileReference; fileEncoding = 4; lastKnownFileType = text.css; path = privly.css; sourceTree = "<group>"; };
		35A943E017319F7C009052DC /* zerobin.css */ = {isa = PBXFileReference; fileEncoding = 4; lastKnownFileType = text.css; path = zerobin.css; sourceTree = "<group>"; };
		35A943E117319F7C009052DC /* index.html */ = {isa = PBXFileReference; fileEncoding = 4; lastKnownFileType = text.html; path = index.html; sourceTree = "<group>"; };
		35A943E317319F7C009052DC /* base64.js */ = {isa = PBXFileReference; fileEncoding = 4; lastKnownFileType = sourcecode.javascript; path = base64.js; sourceTree = "<group>"; };
		35A943E417319F7C009052DC /* jquery.js */ = {isa = PBXFileReference; fileEncoding = 4; lastKnownFileType = sourcecode.javascript; path = jquery.js; sourceTree = "<group>"; };
		35A943E517319F7C009052DC /* privly_tooltip.js */ = {isa = PBXFileReference; fileEncoding = 4; lastKnownFileType = sourcecode.javascript; path = privly_tooltip.js; sourceTree = "<group>"; };
		35A943E617319F7C009052DC /* privlyservice.js */ = {isa = PBXFileReference; fileEncoding = 4; lastKnownFileType = sourcecode.javascript; path = privlyservice.js; sourceTree = "<group>"; };
		35A943E717319F7C009052DC /* privlyshare.js */ = {isa = PBXFileReference; fileEncoding = 4; lastKnownFileType = sourcecode.javascript; path = privlyshare.js; sourceTree = "<group>"; };
		35A943E817319F7C009052DC /* rawdeflate.js */ = {isa = PBXFileReference; fileEncoding = 4; lastKnownFileType = sourcecode.javascript; path = rawdeflate.js; sourceTree = "<group>"; };
		35A943E917319F7C009052DC /* rawinflate.js */ = {isa = PBXFileReference; fileEncoding = 4; lastKnownFileType = sourcecode.javascript; path = rawinflate.js; sourceTree = "<group>"; };
		35A943EA17319F7C009052DC /* sjcl.js */ = {isa = PBXFileReference; fileEncoding = 4; lastKnownFileType = sourcecode.javascript; path = sjcl.js; sourceTree = "<group>"; };
		35A943EB17319F7C009052DC /* zerobin.js */ = {isa = PBXFileReference; fileEncoding = 4; lastKnownFileType = sourcecode.javascript; path = zerobin.js; sourceTree = "<group>"; };
		35A943F91731A2F0009052DC /* ApplicationTypeViewController.h */ = {isa = PBXFileReference; fileEncoding = 4; lastKnownFileType = sourcecode.c.h; path = ApplicationTypeViewController.h; sourceTree = "<group>"; };
		35A943FA1731A2F0009052DC /* ApplicationTypeViewController.m */ = {isa = PBXFileReference; fileEncoding = 4; lastKnownFileType = sourcecode.c.objc; path = ApplicationTypeViewController.m; sourceTree = "<group>"; };
		35A943FB1731A2F0009052DC /* ApplicationTypeViewController.xib */ = {isa = PBXFileReference; fileEncoding = 4; lastKnownFileType = file.xib; path = ApplicationTypeViewController.xib; sourceTree = "<group>"; };
		35A943FE1731A3CA009052DC /* ZeroBinPostViewController.xib */ = {isa = PBXFileReference; fileEncoding = 4; lastKnownFileType = file.xib; path = ZeroBinPostViewController.xib; sourceTree = "<group>"; };
		35A944001731A497009052DC /* LoginViewController.xib */ = {isa = PBXFileReference; fileEncoding = 4; lastKnownFileType = file.xib; path = LoginViewController.xib; sourceTree = "<group>"; };
		9912C02C174AD62700E13A01 /* PlainPostViewController.h */ = {isa = PBXFileReference; fileEncoding = 4; lastKnownFileType = sourcecode.c.h; path = PlainPostViewController.h; sourceTree = "<group>"; };
		9912C02D174AD62700E13A01 /* PlainPostViewController.m */ = {isa = PBXFileReference; fileEncoding = 4; lastKnownFileType = sourcecode.c.objc; path = PlainPostViewController.m; sourceTree = "<group>"; };
		9912C02E174AD62700E13A01 /* PlainPostViewController.xib */ = {isa = PBXFileReference; fileEncoding = 4; lastKnownFileType = file.xib; path = PlainPostViewController.xib; sourceTree = "<group>"; };
		996E263117568F28003B51A5 /* PlainPostDestinationViewController.h */ = {isa = PBXFileReference; fileEncoding = 4; lastKnownFileType = sourcecode.c.h; path = PlainPostDestinationViewController.h; sourceTree = "<group>"; };
		996E263217568F28003B51A5 /* PlainPostDestinationViewController.m */ = {isa = PBXFileReference; fileEncoding = 4; lastKnownFileType = sourcecode.c.objc; path = PlainPostDestinationViewController.m; sourceTree = "<group>"; };
		99EC26A51757BCB000EC234F /* SocialNetworksRequest.h */ = {isa = PBXFileReference; fileEncoding = 4; lastKnownFileType = sourcecode.c.h; path = SocialNetworksRequest.h; sourceTree = "<group>"; };
		99EC26A61757BCB000EC234F /* SocialNetworksRequest.m */ = {isa = PBXFileReference; fileEncoding = 4; lastKnownFileType = sourcecode.c.objc; path = SocialNetworksRequest.m; sourceTree = "<group>"; };
		99EC26A81758080400EC234F /* Accounts.framework */ = {isa = PBXFileReference; lastKnownFileType = wrapper.framework; name = Accounts.framework; path = System/Library/Frameworks/Accounts.framework; sourceTree = SDKROOT; };
		99EC26AA1758080800EC234F /* Social.framework */ = {isa = PBXFileReference; lastKnownFileType = wrapper.framework; name = Social.framework; path = System/Library/Frameworks/Social.framework; sourceTree = SDKROOT; };
/* End PBXFileReference section */

/* Begin PBXFrameworksBuildPhase section */
		358D71BD1724752700979F57 /* Frameworks */ = {
			isa = PBXFrameworksBuildPhase;
			buildActionMask = 2147483647;
			files = (
				99EC26AB1758080800EC234F /* Social.framework in Frameworks */,
				99EC26A91758080400EC234F /* Accounts.framework in Frameworks */,
				358D71C41724752700979F57 /* UIKit.framework in Frameworks */,
				358D71C61724752700979F57 /* Foundation.framework in Frameworks */,
				358D71C81724752700979F57 /* CoreGraphics.framework in Frameworks */,
			);
			runOnlyForDeploymentPostprocessing = 0;
		};
/* End PBXFrameworksBuildPhase section */

/* Begin PBXGroup section */
		358D71B71724752700979F57 = {
			isa = PBXGroup;
			children = (
				99EC26AA1758080800EC234F /* Social.framework */,
				99EC26A81758080400EC234F /* Accounts.framework */,
				358D71C91724752700979F57 /* privly-ios */,
				358D71C21724752700979F57 /* Frameworks */,
				358D71C11724752700979F57 /* Products */,
			);
			sourceTree = "<group>";
		};
		358D71C11724752700979F57 /* Products */ = {
			isa = PBXGroup;
			children = (
				358D71C01724752700979F57 /* privly-ios.app */,
			);
			name = Products;
			sourceTree = "<group>";
		};
		358D71C21724752700979F57 /* Frameworks */ = {
			isa = PBXGroup;
			children = (
				358D71C31724752700979F57 /* UIKit.framework */,
				358D71C51724752700979F57 /* Foundation.framework */,
				358D71C71724752700979F57 /* CoreGraphics.framework */,
			);
			name = Frameworks;
			sourceTree = "<group>";
		};
		358D71C91724752700979F57 /* privly-ios */ = {
			isa = PBXGroup;
			children = (
				358D71D21724752700979F57 /* AppDelegate.h */,
				358D71D31724752700979F57 /* AppDelegate.m */,
				358D71E617248B3000979F57 /* LoginViewController.h */,
				358D71E717248B3000979F57 /* LoginViewController.m */,
				35A944001731A497009052DC /* LoginViewController.xib */,
				35A943F91731A2F0009052DC /* ApplicationTypeViewController.h */,
				35A943FA1731A2F0009052DC /* ApplicationTypeViewController.m */,
				35A943FB1731A2F0009052DC /* ApplicationTypeViewController.xib */,
				99EC26A11757BBB700EC234F /* Helper */,
				996E2634175695A9003B51A5 /* Posting */,
				996E26371756961A003B51A5 /* JS Applications */,
				358D71CA1724752700979F57 /* Supporting Files */,
			);
			path = "privly-ios";
			sourceTree = "<group>";
		};
		358D71CA1724752700979F57 /* Supporting Files */ = {
			isa = PBXGroup;
			children = (
				358D71CB1724752700979F57 /* privly-ios-Info.plist */,
				358D71CC1724752700979F57 /* InfoPlist.strings */,
				358D71CF1724752700979F57 /* main.m */,
				358D71D11724752700979F57 /* privly-ios-Prefix.pch */,
				358D71D51724752700979F57 /* Default.png */,
				358D71D71724752700979F57 /* Default@2x.png */,
				358D71D91724752700979F57 /* Default-568h@2x.png */,
			);
			name = "Supporting Files";
			sourceTree = "<group>";
		};
		35A943DE17319F7C009052DC /* css */ = {
			isa = PBXGroup;
			children = (
				35A943DF17319F7C009052DC /* privly.css */,
				35A943E017319F7C009052DC /* zerobin.css */,
			);
			path = css;
			sourceTree = "<group>";
		};
		35A943E217319F7C009052DC /* js */ = {
			isa = PBXGroup;
			children = (
				35A943E317319F7C009052DC /* base64.js */,
				35A943E417319F7C009052DC /* jquery.js */,
				35A943E517319F7C009052DC /* privly_tooltip.js */,
				35A943E617319F7C009052DC /* privlyservice.js */,
				35A943E717319F7C009052DC /* privlyshare.js */,
				35A943E817319F7C009052DC /* rawdeflate.js */,
				35A943E917319F7C009052DC /* rawinflate.js */,
				35A943EA17319F7C009052DC /* sjcl.js */,
				35A943EB17319F7C009052DC /* zerobin.js */,
			);
			path = js;
			sourceTree = "<group>";
		};
		35A943F817319F81009052DC /* ZeroBin */ = {
			isa = PBXGroup;
			children = (
				35A943DE17319F7C009052DC /* css */,
				35A943E117319F7C009052DC /* index.html */,
				35A943E217319F7C009052DC /* js */,
			);
			name = ZeroBin;
			sourceTree = "<group>";
		};
		996E2634175695A9003B51A5 /* Posting */ = {
			isa = PBXGroup;
			children = (
				996E2635175695BC003B51A5 /* PlainPost */,
				996E2636175695D3003B51A5 /* ZeroBin */,
			);
			name = Posting;
			sourceTree = "<group>";
		};
		996E2635175695BC003B51A5 /* PlainPost */ = {
			isa = PBXGroup;
			children = (
				996E263117568F28003B51A5 /* PlainPostDestinationViewController.h */,
				996E263217568F28003B51A5 /* PlainPostDestinationViewController.m */,
				9912C02C174AD62700E13A01 /* PlainPostViewController.h */,
				9912C02D174AD62700E13A01 /* PlainPostViewController.m */,
				9912C02E174AD62700E13A01 /* PlainPostViewController.xib */,
			);
			name = PlainPost;
			sourceTree = "<group>";
		};
		996E2636175695D3003B51A5 /* ZeroBin */ = {
			isa = PBXGroup;
			children = (
				35A943D9173193E0009052DC /* ZeroBinPostViewController.h */,
				35A943DA173193E0009052DC /* ZeroBinPostViewController.m */,
				35A943FE1731A3CA009052DC /* ZeroBinPostViewController.xib */,
			);
			name = ZeroBin;
			sourceTree = "<group>";
		};
		996E26371756961A003B51A5 /* JS Applications */ = {
			isa = PBXGroup;
			children = (
				35A943F817319F81009052DC /* ZeroBin */,
			);
			name = "JS Applications";
			sourceTree = "<group>";
		};
		99EC26A11757BBB700EC234F /* Helper */ = {
			isa = PBXGroup;
			children = (
				99EC26A51757BCB000EC234F /* SocialNetworksRequest.h */,
				99EC26A61757BCB000EC234F /* SocialNetworksRequest.m */,
			);
			name = Helper;
			sourceTree = "<group>";
		};
/* End PBXGroup section */

/* Begin PBXNativeTarget section */
		358D71BF1724752700979F57 /* privly-ios */ = {
			isa = PBXNativeTarget;
			buildConfigurationList = 358D71DD1724752700979F57 /* Build configuration list for PBXNativeTarget "privly-ios" */;
			buildPhases = (
				358D71BC1724752700979F57 /* Sources */,
				358D71BD1724752700979F57 /* Frameworks */,
				358D71BE1724752700979F57 /* Resources */,
			);
			buildRules = (
			);
			dependencies = (
			);
			name = "privly-ios";
			productName = "privly-ios";
			productReference = 358D71C01724752700979F57 /* privly-ios.app */;
			productType = "com.apple.product-type.application";
		};
/* End PBXNativeTarget section */

/* Begin PBXProject section */
		358D71B81724752700979F57 /* Project object */ = {
			isa = PBXProject;
			attributes = {
				LastUpgradeCheck = 0460;
				ORGANIZATIONNAME = "Hery Ratsimihah";
			};
			buildConfigurationList = 358D71BB1724752700979F57 /* Build configuration list for PBXProject "privly-ios" */;
			compatibilityVersion = "Xcode 3.2";
			developmentRegion = English;
			hasScannedForEncodings = 0;
			knownRegions = (
				en,
			);
			mainGroup = 358D71B71724752700979F57;
			productRefGroup = 358D71C11724752700979F57 /* Products */;
			projectDirPath = "";
			projectRoot = "";
			targets = (
				358D71BF1724752700979F57 /* privly-ios */,
			);
		};
/* End PBXProject section */

/* Begin PBXResourcesBuildPhase section */
		358D71BE1724752700979F57 /* Resources */ = {
			isa = PBXResourcesBuildPhase;
			buildActionMask = 2147483647;
			files = (
				358D71CE1724752700979F57 /* InfoPlist.strings in Resources */,
				358D71D61724752700979F57 /* Default.png in Resources */,
				358D71D81724752700979F57 /* Default@2x.png in Resources */,
				358D71DA1724752700979F57 /* Default-568h@2x.png in Resources */,
				35A943EC17319F7C009052DC /* privly.css in Resources */,
				35A943ED17319F7C009052DC /* zerobin.css in Resources */,
				35A943EE17319F7C009052DC /* index.html in Resources */,
				35A943FD1731A2F0009052DC /* ApplicationTypeViewController.xib in Resources */,
				35A943FF1731A3CA009052DC /* ZeroBinPostViewController.xib in Resources */,
				35A944011731A497009052DC /* LoginViewController.xib in Resources */,
				35A943EF17319F7C009052DC /* base64.js in Resources */,
				35A943F017319F7C009052DC /* jquery.js in Resources */,
				35A943F117319F7C009052DC /* privly_tooltip.js in Resources */,
				35A943F217319F7C009052DC /* privlyservice.js in Resources */,
				35A943F317319F7C009052DC /* privlyshare.js in Resources */,
				35A943F417319F7C009052DC /* rawdeflate.js in Resources */,
				35A943F517319F7C009052DC /* rawinflate.js in Resources */,
				35A943F617319F7C009052DC /* sjcl.js in Resources */,
				35A943F717319F7C009052DC /* zerobin.js in Resources */,
				9912C030174AD62700E13A01 /* PlainPostViewController.xib in Resources */,
			);
			runOnlyForDeploymentPostprocessing = 0;
		};
/* End PBXResourcesBuildPhase section */

/* Begin PBXSourcesBuildPhase section */
		358D71BC1724752700979F57 /* Sources */ = {
			isa = PBXSourcesBuildPhase;
			buildActionMask = 2147483647;
			files = (
				358D71D01724752700979F57 /* main.m in Sources */,
				358D71D41724752700979F57 /* AppDelegate.m in Sources */,
				358D71E917248B3000979F57 /* LoginViewController.m in Sources */,
				35A943DC173193E0009052DC /* ZeroBinPostViewController.m in Sources */,
				35A943FC1731A2F0009052DC /* ApplicationTypeViewController.m in Sources */,
				9912C02F174AD62700E13A01 /* PlainPostViewController.m in Sources */,
				996E263317568F28003B51A5 /* PlainPostDestinationViewController.m in Sources */,
				99EC26A71757BCB000EC234F /* SocialNetworksRequest.m in Sources */,
			);
			runOnlyForDeploymentPostprocessing = 0;
		};
/* End PBXSourcesBuildPhase section */

/* Begin PBXVariantGroup section */
		358D71CC1724752700979F57 /* InfoPlist.strings */ = {
			isa = PBXVariantGroup;
			children = (
				358D71CD1724752700979F57 /* en */,
			);
			name = InfoPlist.strings;
			sourceTree = "<group>";
		};
/* End PBXVariantGroup section */

/* Begin XCBuildConfiguration section */
		358D71DB1724752700979F57 /* Debug */ = {
			isa = XCBuildConfiguration;
			buildSettings = {
				ALWAYS_SEARCH_USER_PATHS = NO;
				CLANG_CXX_LANGUAGE_STANDARD = "gnu++0x";
				CLANG_CXX_LIBRARY = "libc++";
				CLANG_ENABLE_OBJC_ARC = YES;
				CLANG_WARN_CONSTANT_CONVERSION = YES;
				CLANG_WARN_EMPTY_BODY = YES;
				CLANG_WARN_ENUM_CONVERSION = YES;
				CLANG_WARN_INT_CONVERSION = YES;
				CLANG_WARN__DUPLICATE_METHOD_MATCH = YES;
				"CODE_SIGN_IDENTITY[sdk=iphoneos*]" = "iPhone Developer";
				COPY_PHASE_STRIP = NO;
				GCC_C_LANGUAGE_STANDARD = gnu99;
				GCC_DYNAMIC_NO_PIC = NO;
				GCC_OPTIMIZATION_LEVEL = 0;
				GCC_PREPROCESSOR_DEFINITIONS = (
					"DEBUG=1",
					"$(inherited)",
				);
				GCC_SYMBOLS_PRIVATE_EXTERN = NO;
				GCC_WARN_ABOUT_RETURN_TYPE = YES;
				GCC_WARN_UNINITIALIZED_AUTOS = YES;
				GCC_WARN_UNUSED_VARIABLE = YES;
				IPHONEOS_DEPLOYMENT_TARGET = 6.1;
				ONLY_ACTIVE_ARCH = YES;
				SDKROOT = iphoneos;
				TARGETED_DEVICE_FAMILY = "1,2";
			};
			name = Debug;
		};
		358D71DC1724752700979F57 /* Release */ = {
			isa = XCBuildConfiguration;
			buildSettings = {
				ALWAYS_SEARCH_USER_PATHS = NO;
				CLANG_CXX_LANGUAGE_STANDARD = "gnu++0x";
				CLANG_CXX_LIBRARY = "libc++";
				CLANG_ENABLE_OBJC_ARC = YES;
				CLANG_WARN_CONSTANT_CONVERSION = YES;
				CLANG_WARN_EMPTY_BODY = YES;
				CLANG_WARN_ENUM_CONVERSION = YES;
				CLANG_WARN_INT_CONVERSION = YES;
				CLANG_WARN__DUPLICATE_METHOD_MATCH = YES;
				"CODE_SIGN_IDENTITY[sdk=iphoneos*]" = "iPhone Developer";
				COPY_PHASE_STRIP = YES;
				GCC_C_LANGUAGE_STANDARD = gnu99;
				GCC_WARN_ABOUT_RETURN_TYPE = YES;
				GCC_WARN_UNINITIALIZED_AUTOS = YES;
				GCC_WARN_UNUSED_VARIABLE = YES;
				IPHONEOS_DEPLOYMENT_TARGET = 6.1;
				OTHER_CFLAGS = "-DNS_BLOCK_ASSERTIONS=1";
				SDKROOT = iphoneos;
				TARGETED_DEVICE_FAMILY = "1,2";
				VALIDATE_PRODUCT = YES;
			};
			name = Release;
		};
		358D71DE1724752700979F57 /* Debug */ = {
			isa = XCBuildConfiguration;
			buildSettings = {
				GCC_PRECOMPILE_PREFIX_HEADER = YES;
				GCC_PREFIX_HEADER = "privly-ios/privly-ios-Prefix.pch";
				INFOPLIST_FILE = "privly-ios/privly-ios-Info.plist";
				IPHONEOS_DEPLOYMENT_TARGET = 6.1;
				PRODUCT_NAME = "$(TARGET_NAME)";
				TARGETED_DEVICE_FAMILY = "1,2";
				WRAPPER_EXTENSION = app;
			};
			name = Debug;
		};
		358D71DF1724752700979F57 /* Release */ = {
			isa = XCBuildConfiguration;
			buildSettings = {
				GCC_PRECOMPILE_PREFIX_HEADER = YES;
				GCC_PREFIX_HEADER = "privly-ios/privly-ios-Prefix.pch";
				INFOPLIST_FILE = "privly-ios/privly-ios-Info.plist";
				IPHONEOS_DEPLOYMENT_TARGET = 6.1;
				PRODUCT_NAME = "$(TARGET_NAME)";
				TARGETED_DEVICE_FAMILY = "1,2";
				WRAPPER_EXTENSION = app;
			};
			name = Release;
		};
/* End XCBuildConfiguration section */

/* Begin XCConfigurationList section */
		358D71BB1724752700979F57 /* Build configuration list for PBXProject "privly-ios" */ = {
			isa = XCConfigurationList;
			buildConfigurations = (
				358D71DB1724752700979F57 /* Debug */,
				358D71DC1724752700979F57 /* Release */,
			);
			defaultConfigurationIsVisible = 0;
			defaultConfigurationName = Release;
		};
		358D71DD1724752700979F57 /* Build configuration list for PBXNativeTarget "privly-ios" */ = {
			isa = XCConfigurationList;
			buildConfigurations = (
				358D71DE1724752700979F57 /* Debug */,
				358D71DF1724752700979F57 /* Release */,
			);
			defaultConfigurationIsVisible = 0;
			defaultConfigurationName = Release;
		};
/* End XCConfigurationList section */
	};
	rootObject = 358D71B81724752700979F57 /* Project object */;
}
